// !$*UTF8*$!
{
	archiveVersion = 1;
	classes = {
	};
	objectVersion = 50;
	objects = {

/* Begin PBXBuildFile section */
		0CEA72DC7C177FD714882456 /* Pods_easyNotesiOS.framework in Frameworks */ = {isa = PBXBuildFile; fileRef = 3E7618C30693D1125C07901D /* Pods_easyNotesiOS.framework */; };
		92C52ABD22469C6D0077FCED /* LoaderController.swift in Sources */ = {isa = PBXBuildFile; fileRef = 92C52ABC22469C6D0077FCED /* LoaderController.swift */; };
		A7B5C2508B99C248977F6053 /* Pods_easyNotesiOSTests.framework in Frameworks */ = {isa = PBXBuildFile; fileRef = 434B9309C99C9E992513D006 /* Pods_easyNotesiOSTests.framework */; };
		BD179A8520DF275C00F4EF5A /* MainPageViewController.swift in Sources */ = {isa = PBXBuildFile; fileRef = BD179A8420DF275C00F4EF5A /* MainPageViewController.swift */; };
		BD25105021409229009C035C /* DocumentViewController.swift in Sources */ = {isa = PBXBuildFile; fileRef = BD25104F21409229009C035C /* DocumentViewController.swift */; };
		BD251054214092BB009C035C /* Document.swift in Sources */ = {isa = PBXBuildFile; fileRef = BD251053214092BB009C035C /* Document.swift */; };
		BD482D1B20D1EA30008762D8 /* MainViewController.swift in Sources */ = {isa = PBXBuildFile; fileRef = BD482D1A20D1EA30008762D8 /* MainViewController.swift */; };
		BD5BCDC7213B2286003DE2BE /* HTTPManager.swift in Sources */ = {isa = PBXBuildFile; fileRef = BD5BCDC6213B2286003DE2BE /* HTTPManager.swift */; };
		BD6CE99E21E154DE00AE07F9 /* Toast.swift in Sources */ = {isa = PBXBuildFile; fileRef = BD6CE99D21E154DE00AE07F9 /* Toast.swift */; };
		BD6CE9A021E1688D00AE07F9 /* TextViewViewController.swift in Sources */ = {isa = PBXBuildFile; fileRef = BD6CE99F21E1688D00AE07F9 /* TextViewViewController.swift */; };
		BD71308F21D587FE0033D33E /* DocumentBrowserViewController.swift in Sources */ = {isa = PBXBuildFile; fileRef = BD71308E21D587FE0033D33E /* DocumentBrowserViewController.swift */; };
		BD952E7320CF6069005BD858 /* AppDelegate.swift in Sources */ = {isa = PBXBuildFile; fileRef = BD952E7220CF6069005BD858 /* AppDelegate.swift */; };
		BD952E7520CF6069005BD858 /* MenuViewController.swift in Sources */ = {isa = PBXBuildFile; fileRef = BD952E7420CF6069005BD858 /* MenuViewController.swift */; };
		BD952E7A20CF6069005BD858 /* Main.storyboard in Resources */ = {isa = PBXBuildFile; fileRef = BD952E7820CF6069005BD858 /* Main.storyboard */; };
		BD952E7F20CF606B005BD858 /* LaunchScreen.storyboard in Resources */ = {isa = PBXBuildFile; fileRef = BD952E7D20CF606B005BD858 /* LaunchScreen.storyboard */; };
		BD952E8A20CF606B005BD858 /* easyNotesiOSTests.swift in Sources */ = {isa = PBXBuildFile; fileRef = BD952E8920CF606B005BD858 /* easyNotesiOSTests.swift */; };
		BD952E9520CF606B005BD858 /* easyNotesiOSUITests.swift in Sources */ = {isa = PBXBuildFile; fileRef = BD952E9420CF606B005BD858 /* easyNotesiOSUITests.swift */; };
		BD952EA520CF60FD005BD858 /* CustomControls.swift in Sources */ = {isa = PBXBuildFile; fileRef = BD952EA420CF60FD005BD858 /* CustomControls.swift */; };
		BD952EA920CF6732005BD858 /* ImportNoteViewController.swift in Sources */ = {isa = PBXBuildFile; fileRef = BD952EA820CF6732005BD858 /* ImportNoteViewController.swift */; };
		BD9F4D5820DEB07B004CE8DD /* EmailSignUpViewController.swift in Sources */ = {isa = PBXBuildFile; fileRef = BD9F4D5720DEB07B004CE8DD /* EmailSignUpViewController.swift */; };
		BD9F4D5A20DEC3D4004CE8DD /* EmailSignInViewController.swift in Sources */ = {isa = PBXBuildFile; fileRef = BD9F4D5920DEC3D4004CE8DD /* EmailSignInViewController.swift */; };
		BD9F4D5C20DED2C8004CE8DD /* SignInMenuViewController.swift in Sources */ = {isa = PBXBuildFile; fileRef = BD9F4D5B20DED2C8004CE8DD /* SignInMenuViewController.swift */; };
		BDC6317120DC679400A19E67 /* GoogleService-Info.plist in Resources */ = {isa = PBXBuildFile; fileRef = BDC6317020DC679400A19E67 /* GoogleService-Info.plist */; };
		BDD042AD224FC06D00DABF55 /* Assets.xcassets in Resources */ = {isa = PBXBuildFile; fileRef = BDD042AC224FC06B00DABF55 /* Assets.xcassets */; };
		BDE40ADD20D2B84E00329034 /* TakeNewNoteViewController.swift in Sources */ = {isa = PBXBuildFile; fileRef = BDE40ADC20D2B84E00329034 /* TakeNewNoteViewController.swift */; };
		BDE40ADF20D2BBAE00329034 /* UserViewController.swift in Sources */ = {isa = PBXBuildFile; fileRef = BDE40ADE20D2BBAE00329034 /* UserViewController.swift */; };
		F2C5A0EBC07B6FEC63C90B76 /* Pods_easyNotesiOSUITests.framework in Frameworks */ = {isa = PBXBuildFile; fileRef = 0F6CAB70F8779E36BBEBDACF /* Pods_easyNotesiOSUITests.framework */; };
/* End PBXBuildFile section */

/* Begin PBXContainerItemProxy section */
		BD952E8620CF606B005BD858 /* PBXContainerItemProxy */ = {
			isa = PBXContainerItemProxy;
			containerPortal = BD952E6720CF6069005BD858 /* Project object */;
			proxyType = 1;
			remoteGlobalIDString = BD952E6E20CF6069005BD858;
			remoteInfo = easyNotesiOS;
		};
		BD952E9120CF606B005BD858 /* PBXContainerItemProxy */ = {
			isa = PBXContainerItemProxy;
			containerPortal = BD952E6720CF6069005BD858 /* Project object */;
			proxyType = 1;
			remoteGlobalIDString = BD952E6E20CF6069005BD858;
			remoteInfo = easyNotesiOS;
		};
/* End PBXContainerItemProxy section */

/* Begin PBXFileReference section */
		016290B1CD47B4C6D5CFEAF3 /* Pods-easyNotesiOSUITests.debug.xcconfig */ = {isa = PBXFileReference; includeInIndex = 1; lastKnownFileType = text.xcconfig; name = "Pods-easyNotesiOSUITests.debug.xcconfig"; path = "Pods/Target Support Files/Pods-easyNotesiOSUITests/Pods-easyNotesiOSUITests.debug.xcconfig"; sourceTree = "<group>"; };
		0F6CAB70F8779E36BBEBDACF /* Pods_easyNotesiOSUITests.framework */ = {isa = PBXFileReference; explicitFileType = wrapper.framework; includeInIndex = 0; path = Pods_easyNotesiOSUITests.framework; sourceTree = BUILT_PRODUCTS_DIR; };
		308A638A4722EF2EBFD3976A /* Pods-easyNotesiOSUITests.release.xcconfig */ = {isa = PBXFileReference; includeInIndex = 1; lastKnownFileType = text.xcconfig; name = "Pods-easyNotesiOSUITests.release.xcconfig"; path = "Pods/Target Support Files/Pods-easyNotesiOSUITests/Pods-easyNotesiOSUITests.release.xcconfig"; sourceTree = "<group>"; };
		3E7618C30693D1125C07901D /* Pods_easyNotesiOS.framework */ = {isa = PBXFileReference; explicitFileType = wrapper.framework; includeInIndex = 0; path = Pods_easyNotesiOS.framework; sourceTree = BUILT_PRODUCTS_DIR; };
		434B9309C99C9E992513D006 /* Pods_easyNotesiOSTests.framework */ = {isa = PBXFileReference; explicitFileType = wrapper.framework; includeInIndex = 0; path = Pods_easyNotesiOSTests.framework; sourceTree = BUILT_PRODUCTS_DIR; };
		5320E4E55E3976868FAAF507 /* Pods-easyNotesiOSTests.debug.xcconfig */ = {isa = PBXFileReference; includeInIndex = 1; lastKnownFileType = text.xcconfig; name = "Pods-easyNotesiOSTests.debug.xcconfig"; path = "Pods/Target Support Files/Pods-easyNotesiOSTests/Pods-easyNotesiOSTests.debug.xcconfig"; sourceTree = "<group>"; };
		5E54E74E646CA2222FAAA2DC /* Pods-easyNotesiOSTests.release.xcconfig */ = {isa = PBXFileReference; includeInIndex = 1; lastKnownFileType = text.xcconfig; name = "Pods-easyNotesiOSTests.release.xcconfig"; path = "Pods/Target Support Files/Pods-easyNotesiOSTests/Pods-easyNotesiOSTests.release.xcconfig"; sourceTree = "<group>"; };
		92C52ABC22469C6D0077FCED /* LoaderController.swift */ = {isa = PBXFileReference; lastKnownFileType = sourcecode.swift; path = LoaderController.swift; sourceTree = "<group>"; };
		9A0C528C563E03907395B699 /* Pods-easyNotesiOS.release.xcconfig */ = {isa = PBXFileReference; includeInIndex = 1; lastKnownFileType = text.xcconfig; name = "Pods-easyNotesiOS.release.xcconfig"; path = "Pods/Target Support Files/Pods-easyNotesiOS/Pods-easyNotesiOS.release.xcconfig"; sourceTree = "<group>"; };
		BD179A8420DF275C00F4EF5A /* MainPageViewController.swift */ = {isa = PBXFileReference; lastKnownFileType = sourcecode.swift; path = MainPageViewController.swift; sourceTree = "<group>"; };
		BD25104F21409229009C035C /* DocumentViewController.swift */ = {isa = PBXFileReference; lastKnownFileType = sourcecode.swift; path = DocumentViewController.swift; sourceTree = "<group>"; };
		BD251053214092BB009C035C /* Document.swift */ = {isa = PBXFileReference; lastKnownFileType = sourcecode.swift; path = Document.swift; sourceTree = "<group>"; };
		BD482D1A20D1EA30008762D8 /* MainViewController.swift */ = {isa = PBXFileReference; lastKnownFileType = sourcecode.swift; path = MainViewController.swift; sourceTree = "<group>"; };
		BD5BCDC6213B2286003DE2BE /* HTTPManager.swift */ = {isa = PBXFileReference; fileEncoding = 4; lastKnownFileType = sourcecode.swift; path = HTTPManager.swift; sourceTree = "<group>"; };
		BD6CE99D21E154DE00AE07F9 /* Toast.swift */ = {isa = PBXFileReference; lastKnownFileType = sourcecode.swift; path = Toast.swift; sourceTree = "<group>"; };
		BD6CE99F21E1688D00AE07F9 /* TextViewViewController.swift */ = {isa = PBXFileReference; lastKnownFileType = sourcecode.swift; path = TextViewViewController.swift; sourceTree = "<group>"; };
		BD71308E21D587FE0033D33E /* DocumentBrowserViewController.swift */ = {isa = PBXFileReference; lastKnownFileType = sourcecode.swift; path = DocumentBrowserViewController.swift; sourceTree = "<group>"; };
		BD952E6F20CF6069005BD858 /* easyNotesiOS.app */ = {isa = PBXFileReference; explicitFileType = wrapper.application; includeInIndex = 0; path = easyNotesiOS.app; sourceTree = BUILT_PRODUCTS_DIR; };
		BD952E7220CF6069005BD858 /* AppDelegate.swift */ = {isa = PBXFileReference; lastKnownFileType = sourcecode.swift; path = AppDelegate.swift; sourceTree = "<group>"; };
		BD952E7420CF6069005BD858 /* MenuViewController.swift */ = {isa = PBXFileReference; lastKnownFileType = sourcecode.swift; path = MenuViewController.swift; sourceTree = "<group>"; };
		BD952E7920CF6069005BD858 /* Base */ = {isa = PBXFileReference; lastKnownFileType = file.storyboard; name = Base; path = Base.lproj/Main.storyboard; sourceTree = "<group>"; };
		BD952E7E20CF606B005BD858 /* Base */ = {isa = PBXFileReference; lastKnownFileType = file.storyboard; name = Base; path = Base.lproj/LaunchScreen.storyboard; sourceTree = "<group>"; };
		BD952E8020CF606B005BD858 /* Info.plist */ = {isa = PBXFileReference; lastKnownFileType = text.plist.xml; path = Info.plist; sourceTree = "<group>"; };
		BD952E8520CF606B005BD858 /* easyNotesiOSTests.xctest */ = {isa = PBXFileReference; explicitFileType = wrapper.cfbundle; includeInIndex = 0; path = easyNotesiOSTests.xctest; sourceTree = BUILT_PRODUCTS_DIR; };
		BD952E8920CF606B005BD858 /* easyNotesiOSTests.swift */ = {isa = PBXFileReference; lastKnownFileType = sourcecode.swift; path = easyNotesiOSTests.swift; sourceTree = "<group>"; };
		BD952E8B20CF606B005BD858 /* Info.plist */ = {isa = PBXFileReference; lastKnownFileType = text.plist.xml; path = Info.plist; sourceTree = "<group>"; };
		BD952E9020CF606B005BD858 /* easyNotesiOSUITests.xctest */ = {isa = PBXFileReference; explicitFileType = wrapper.cfbundle; includeInIndex = 0; path = easyNotesiOSUITests.xctest; sourceTree = BUILT_PRODUCTS_DIR; };
		BD952E9420CF606B005BD858 /* easyNotesiOSUITests.swift */ = {isa = PBXFileReference; lastKnownFileType = sourcecode.swift; path = easyNotesiOSUITests.swift; sourceTree = "<group>"; };
		BD952E9620CF606B005BD858 /* Info.plist */ = {isa = PBXFileReference; lastKnownFileType = text.plist.xml; path = Info.plist; sourceTree = "<group>"; };
		BD952EA420CF60FD005BD858 /* CustomControls.swift */ = {isa = PBXFileReference; lastKnownFileType = sourcecode.swift; path = CustomControls.swift; sourceTree = "<group>"; };
		BD952EA820CF6732005BD858 /* ImportNoteViewController.swift */ = {isa = PBXFileReference; fileEncoding = 4; lastKnownFileType = sourcecode.swift; path = ImportNoteViewController.swift; sourceTree = "<group>"; };
		BD9F4D5720DEB07B004CE8DD /* EmailSignUpViewController.swift */ = {isa = PBXFileReference; lastKnownFileType = sourcecode.swift; path = EmailSignUpViewController.swift; sourceTree = "<group>"; };
		BD9F4D5920DEC3D4004CE8DD /* EmailSignInViewController.swift */ = {isa = PBXFileReference; lastKnownFileType = sourcecode.swift; path = EmailSignInViewController.swift; sourceTree = "<group>"; };
		BD9F4D5B20DED2C8004CE8DD /* SignInMenuViewController.swift */ = {isa = PBXFileReference; lastKnownFileType = sourcecode.swift; path = SignInMenuViewController.swift; sourceTree = "<group>"; };
		BDC6317020DC679400A19E67 /* GoogleService-Info.plist */ = {isa = PBXFileReference; fileEncoding = 4; lastKnownFileType = text.plist.xml; path = "GoogleService-Info.plist"; sourceTree = "<group>"; };
		BDD042AC224FC06B00DABF55 /* Assets.xcassets */ = {isa = PBXFileReference; lastKnownFileType = folder.assetcatalog; path = Assets.xcassets; sourceTree = "<group>"; };
		BDE40ADC20D2B84E00329034 /* TakeNewNoteViewController.swift */ = {isa = PBXFileReference; lastKnownFileType = sourcecode.swift; path = TakeNewNoteViewController.swift; sourceTree = "<group>"; };
		BDE40ADE20D2BBAE00329034 /* UserViewController.swift */ = {isa = PBXFileReference; lastKnownFileType = sourcecode.swift; path = UserViewController.swift; sourceTree = "<group>"; };
		E7C4A2A7FB186CC2952689CF /* Pods-easyNotesiOS.debug.xcconfig */ = {isa = PBXFileReference; includeInIndex = 1; lastKnownFileType = text.xcconfig; name = "Pods-easyNotesiOS.debug.xcconfig"; path = "Pods/Target Support Files/Pods-easyNotesiOS/Pods-easyNotesiOS.debug.xcconfig"; sourceTree = "<group>"; };
/* End PBXFileReference section */

/* Begin PBXFrameworksBuildPhase section */
		BD952E6C20CF6069005BD858 /* Frameworks */ = {
			isa = PBXFrameworksBuildPhase;
			buildActionMask = 2147483647;
			files = (
				0CEA72DC7C177FD714882456 /* Pods_easyNotesiOS.framework in Frameworks */,
			);
			runOnlyForDeploymentPostprocessing = 0;
		};
		BD952E8220CF606B005BD858 /* Frameworks */ = {
			isa = PBXFrameworksBuildPhase;
			buildActionMask = 2147483647;
			files = (
				A7B5C2508B99C248977F6053 /* Pods_easyNotesiOSTests.framework in Frameworks */,
			);
			runOnlyForDeploymentPostprocessing = 0;
		};
		BD952E8D20CF606B005BD858 /* Frameworks */ = {
			isa = PBXFrameworksBuildPhase;
			buildActionMask = 2147483647;
			files = (
				F2C5A0EBC07B6FEC63C90B76 /* Pods_easyNotesiOSUITests.framework in Frameworks */,
			);
			runOnlyForDeploymentPostprocessing = 0;
		};
/* End PBXFrameworksBuildPhase section */

/* Begin PBXGroup section */
		B4D0873B4948E6FCF92150A5 /* Frameworks */ = {
			isa = PBXGroup;
			children = (
				3E7618C30693D1125C07901D /* Pods_easyNotesiOS.framework */,
				434B9309C99C9E992513D006 /* Pods_easyNotesiOSTests.framework */,
				0F6CAB70F8779E36BBEBDACF /* Pods_easyNotesiOSUITests.framework */,
			);
			name = Frameworks;
			sourceTree = "<group>";
		};
		BD5BCDC5213B2269003DE2BE /* Models */ = {
			isa = PBXGroup;
			children = (
				BD952EA420CF60FD005BD858 /* CustomControls.swift */,
				BD5BCDC6213B2286003DE2BE /* HTTPManager.swift */,
				BD251053214092BB009C035C /* Document.swift */,
				BD6CE99D21E154DE00AE07F9 /* Toast.swift */,
				92C52ABC22469C6D0077FCED /* LoaderController.swift */,
			);
			path = Models;
			sourceTree = "<group>";
		};
		BD952E6620CF6069005BD858 = {
			isa = PBXGroup;
			children = (
				BD952E7120CF6069005BD858 /* easyNotesiOS */,
				BD952E8820CF606B005BD858 /* easyNotesiOSTests */,
				BD952E9320CF606B005BD858 /* easyNotesiOSUITests */,
				BD952E7020CF6069005BD858 /* Products */,
				C7D37B0C0258801F93347CAF /* Pods */,
				B4D0873B4948E6FCF92150A5 /* Frameworks */,
			);
			sourceTree = "<group>";
		};
		BD952E7020CF6069005BD858 /* Products */ = {
			isa = PBXGroup;
			children = (
				BD952E6F20CF6069005BD858 /* easyNotesiOS.app */,
				BD952E8520CF606B005BD858 /* easyNotesiOSTests.xctest */,
				BD952E9020CF606B005BD858 /* easyNotesiOSUITests.xctest */,
			);
			name = Products;
			sourceTree = "<group>";
		};
		BD952E7120CF6069005BD858 /* easyNotesiOS */ = {
			isa = PBXGroup;
			children = (
				BDD042AC224FC06B00DABF55 /* Assets.xcassets */,
				BD5BCDC5213B2269003DE2BE /* Models */,
				BDC6317020DC679400A19E67 /* GoogleService-Info.plist */,
				BD952EA220CF609C005BD858 /* ViewControllers */,
				BD952E7220CF6069005BD858 /* AppDelegate.swift */,
				BD952E7820CF6069005BD858 /* Main.storyboard */,
				BD952E7D20CF606B005BD858 /* LaunchScreen.storyboard */,
				BD952E8020CF606B005BD858 /* Info.plist */,
			);
			path = easyNotesiOS;
			sourceTree = "<group>";
		};
		BD952E8820CF606B005BD858 /* easyNotesiOSTests */ = {
			isa = PBXGroup;
			children = (
				BD952E8920CF606B005BD858 /* easyNotesiOSTests.swift */,
				BD952E8B20CF606B005BD858 /* Info.plist */,
			);
			path = easyNotesiOSTests;
			sourceTree = "<group>";
		};
		BD952E9320CF606B005BD858 /* easyNotesiOSUITests */ = {
			isa = PBXGroup;
			children = (
				BD952E9420CF606B005BD858 /* easyNotesiOSUITests.swift */,
				BD952E9620CF606B005BD858 /* Info.plist */,
			);
			path = easyNotesiOSUITests;
			sourceTree = "<group>";
		};
		BD952EA220CF609C005BD858 /* ViewControllers */ = {
			isa = PBXGroup;
			children = (
				BD952EA820CF6732005BD858 /* ImportNoteViewController.swift */,
				BD952E7420CF6069005BD858 /* MenuViewController.swift */,
				BD482D1A20D1EA30008762D8 /* MainViewController.swift */,
				BDE40ADC20D2B84E00329034 /* TakeNewNoteViewController.swift */,
				BDE40ADE20D2BBAE00329034 /* UserViewController.swift */,
				BD9F4D5720DEB07B004CE8DD /* EmailSignUpViewController.swift */,
				BD9F4D5920DEC3D4004CE8DD /* EmailSignInViewController.swift */,
				BD9F4D5B20DED2C8004CE8DD /* SignInMenuViewController.swift */,
				BD179A8420DF275C00F4EF5A /* MainPageViewController.swift */,
				BD25104F21409229009C035C /* DocumentViewController.swift */,
				BD71308E21D587FE0033D33E /* DocumentBrowserViewController.swift */,
				BD6CE99F21E1688D00AE07F9 /* TextViewViewController.swift */,
			);
			path = ViewControllers;
			sourceTree = "<group>";
		};
		C7D37B0C0258801F93347CAF /* Pods */ = {
			isa = PBXGroup;
			children = (
				E7C4A2A7FB186CC2952689CF /* Pods-easyNotesiOS.debug.xcconfig */,
				9A0C528C563E03907395B699 /* Pods-easyNotesiOS.release.xcconfig */,
				5320E4E55E3976868FAAF507 /* Pods-easyNotesiOSTests.debug.xcconfig */,
				5E54E74E646CA2222FAAA2DC /* Pods-easyNotesiOSTests.release.xcconfig */,
				016290B1CD47B4C6D5CFEAF3 /* Pods-easyNotesiOSUITests.debug.xcconfig */,
				308A638A4722EF2EBFD3976A /* Pods-easyNotesiOSUITests.release.xcconfig */,
			);
			name = Pods;
			sourceTree = "<group>";
		};
/* End PBXGroup section */

/* Begin PBXNativeTarget section */
		BD952E6E20CF6069005BD858 /* easyNotesiOS */ = {
			isa = PBXNativeTarget;
			buildConfigurationList = BD952E9920CF606B005BD858 /* Build configuration list for PBXNativeTarget "easyNotesiOS" */;
			buildPhases = (
				60DE7F6AE6E02D6C52D6B12F /* [CP] Check Pods Manifest.lock */,
				BD952E6B20CF6069005BD858 /* Sources */,
				BD952E6C20CF6069005BD858 /* Frameworks */,
				BD952E6D20CF6069005BD858 /* Resources */,
				A21BB82FE771E5DDE83E71B5 /* [CP] Embed Pods Frameworks */,
				9BDB5D757ACE4206AF1BC5FD /* [CP] Copy Pods Resources */,
			);
			buildRules = (
			);
			dependencies = (
			);
			name = easyNotesiOS;
			productName = easyNotesiOS;
			productReference = BD952E6F20CF6069005BD858 /* easyNotesiOS.app */;
			productType = "com.apple.product-type.application";
		};
		BD952E8420CF606B005BD858 /* easyNotesiOSTests */ = {
			isa = PBXNativeTarget;
			buildConfigurationList = BD952E9C20CF606B005BD858 /* Build configuration list for PBXNativeTarget "easyNotesiOSTests" */;
			buildPhases = (
				C4A1D37B92E6E8C522DC27D8 /* [CP] Check Pods Manifest.lock */,
				BD952E8120CF606B005BD858 /* Sources */,
				BD952E8220CF606B005BD858 /* Frameworks */,
				BD952E8320CF606B005BD858 /* Resources */,
			);
			buildRules = (
			);
			dependencies = (
				BD952E8720CF606B005BD858 /* PBXTargetDependency */,
			);
			name = easyNotesiOSTests;
			productName = easyNotesiOSTests;
			productReference = BD952E8520CF606B005BD858 /* easyNotesiOSTests.xctest */;
			productType = "com.apple.product-type.bundle.unit-test";
		};
		BD952E8F20CF606B005BD858 /* easyNotesiOSUITests */ = {
			isa = PBXNativeTarget;
			buildConfigurationList = BD952E9F20CF606B005BD858 /* Build configuration list for PBXNativeTarget "easyNotesiOSUITests" */;
			buildPhases = (
				B5CA037939A24B5D5E1BD03D /* [CP] Check Pods Manifest.lock */,
				BD952E8C20CF606B005BD858 /* Sources */,
				BD952E8D20CF606B005BD858 /* Frameworks */,
				BD952E8E20CF606B005BD858 /* Resources */,
			);
			buildRules = (
			);
			dependencies = (
				BD952E9220CF606B005BD858 /* PBXTargetDependency */,
			);
			name = easyNotesiOSUITests;
			productName = easyNotesiOSUITests;
			productReference = BD952E9020CF606B005BD858 /* easyNotesiOSUITests.xctest */;
			productType = "com.apple.product-type.bundle.ui-testing";
		};
/* End PBXNativeTarget section */

/* Begin PBXProject section */
		BD952E6720CF6069005BD858 /* Project object */ = {
			isa = PBXProject;
			attributes = {
				LastSwiftUpdateCheck = 0930;
				LastUpgradeCheck = 0930;
				ORGANIZATIONNAME = "Chris Zhang";
				TargetAttributes = {
					BD952E6E20CF6069005BD858 = {
						CreatedOnToolsVersion = 9.3;
					};
					BD952E8420CF606B005BD858 = {
						CreatedOnToolsVersion = 9.3;
						TestTargetID = BD952E6E20CF6069005BD858;
					};
					BD952E8F20CF606B005BD858 = {
						CreatedOnToolsVersion = 9.3;
						TestTargetID = BD952E6E20CF6069005BD858;
					};
				};
			};
			buildConfigurationList = BD952E6A20CF6069005BD858 /* Build configuration list for PBXProject "easyNotesiOS" */;
			compatibilityVersion = "Xcode 9.3";
			developmentRegion = en;
			hasScannedForEncodings = 0;
			knownRegions = (
				en,
				Base,
			);
			mainGroup = BD952E6620CF6069005BD858;
			productRefGroup = BD952E7020CF6069005BD858 /* Products */;
			projectDirPath = "";
			projectRoot = "";
			targets = (
				BD952E6E20CF6069005BD858 /* easyNotesiOS */,
				BD952E8420CF606B005BD858 /* easyNotesiOSTests */,
				BD952E8F20CF606B005BD858 /* easyNotesiOSUITests */,
			);
		};
/* End PBXProject section */

/* Begin PBXResourcesBuildPhase section */
		BD952E6D20CF6069005BD858 /* Resources */ = {
			isa = PBXResourcesBuildPhase;
			buildActionMask = 2147483647;
			files = (
				BD952E7F20CF606B005BD858 /* LaunchScreen.storyboard in Resources */,
				BDC6317120DC679400A19E67 /* GoogleService-Info.plist in Resources */,
				BDD042AD224FC06D00DABF55 /* Assets.xcassets in Resources */,
				BD952E7A20CF6069005BD858 /* Main.storyboard in Resources */,
			);
			runOnlyForDeploymentPostprocessing = 0;
		};
		BD952E8320CF606B005BD858 /* Resources */ = {
			isa = PBXResourcesBuildPhase;
			buildActionMask = 2147483647;
			files = (
			);
			runOnlyForDeploymentPostprocessing = 0;
		};
		BD952E8E20CF606B005BD858 /* Resources */ = {
			isa = PBXResourcesBuildPhase;
			buildActionMask = 2147483647;
			files = (
			);
			runOnlyForDeploymentPostprocessing = 0;
		};
/* End PBXResourcesBuildPhase section */

/* Begin PBXShellScriptBuildPhase section */
		60DE7F6AE6E02D6C52D6B12F /* [CP] Check Pods Manifest.lock */ = {
			isa = PBXShellScriptBuildPhase;
			buildActionMask = 2147483647;
			files = (
			);
			inputPaths = (
				"${PODS_PODFILE_DIR_PATH}/Podfile.lock",
				"${PODS_ROOT}/Manifest.lock",
			);
			name = "[CP] Check Pods Manifest.lock";
			outputPaths = (
				"$(DERIVED_FILE_DIR)/Pods-easyNotesiOS-checkManifestLockResult.txt",
			);
			runOnlyForDeploymentPostprocessing = 0;
			shellPath = /bin/sh;
			shellScript = "diff \"${PODS_PODFILE_DIR_PATH}/Podfile.lock\" \"${PODS_ROOT}/Manifest.lock\" > /dev/null\nif [ $? != 0 ] ; then\n    # print error to STDERR\n    echo \"error: The sandbox is not in sync with the Podfile.lock. Run 'pod install' or update your CocoaPods installation.\" >&2\n    exit 1\nfi\n# This output is used by Xcode 'outputs' to avoid re-running this script phase.\necho \"SUCCESS\" > \"${SCRIPT_OUTPUT_FILE_0}\"\n";
			showEnvVarsInLog = 0;
		};
		9BDB5D757ACE4206AF1BC5FD /* [CP] Copy Pods Resources */ = {
			isa = PBXShellScriptBuildPhase;
			buildActionMask = 2147483647;
			files = (
			);
			inputPaths = (
				"${PODS_ROOT}/Target Support Files/Pods-easyNotesiOS/Pods-easyNotesiOS-resources.sh",
				"${PODS_CONFIGURATION_BUILD_DIR}/FirebaseUI/FirebaseAnonymousAuthUI.bundle",
				"${PODS_CONFIGURATION_BUILD_DIR}/FirebaseUI/FirebaseAuthUI.bundle",
				"${PODS_CONFIGURATION_BUILD_DIR}/FirebaseUI/FirebaseEmailAuthUI.bundle",
				"${PODS_CONFIGURATION_BUILD_DIR}/FirebaseUI/FirebaseFacebookAuthUI.bundle",
				"${PODS_CONFIGURATION_BUILD_DIR}/FirebaseUI/FirebaseGoogleAuthUI.bundle",
				"${PODS_CONFIGURATION_BUILD_DIR}/FirebaseUI/FirebasePhoneAuthUI.bundle",
				"${PODS_CONFIGURATION_BUILD_DIR}/FirebaseUI/FirebaseTwitterAuthUI.bundle",
				"${PODS_ROOT}/GoogleSignIn/Resources/GoogleSignIn.bundle",
				"${PODS_ROOT}/TwitterKit/iOS/TwitterKit.framework/TwitterKitResources.bundle",
			);
			name = "[CP] Copy Pods Resources";
			outputPaths = (
				"${TARGET_BUILD_DIR}/${UNLOCALIZED_RESOURCES_FOLDER_PATH}/FirebaseAnonymousAuthUI.bundle",
				"${TARGET_BUILD_DIR}/${UNLOCALIZED_RESOURCES_FOLDER_PATH}/FirebaseAuthUI.bundle",
				"${TARGET_BUILD_DIR}/${UNLOCALIZED_RESOURCES_FOLDER_PATH}/FirebaseEmailAuthUI.bundle",
				"${TARGET_BUILD_DIR}/${UNLOCALIZED_RESOURCES_FOLDER_PATH}/FirebaseFacebookAuthUI.bundle",
				"${TARGET_BUILD_DIR}/${UNLOCALIZED_RESOURCES_FOLDER_PATH}/FirebaseGoogleAuthUI.bundle",
				"${TARGET_BUILD_DIR}/${UNLOCALIZED_RESOURCES_FOLDER_PATH}/FirebasePhoneAuthUI.bundle",
				"${TARGET_BUILD_DIR}/${UNLOCALIZED_RESOURCES_FOLDER_PATH}/FirebaseTwitterAuthUI.bundle",
				"${TARGET_BUILD_DIR}/${UNLOCALIZED_RESOURCES_FOLDER_PATH}/GoogleSignIn.bundle",
				"${TARGET_BUILD_DIR}/${UNLOCALIZED_RESOURCES_FOLDER_PATH}/TwitterKitResources.bundle",
			);
			runOnlyForDeploymentPostprocessing = 0;
			shellPath = /bin/sh;
			shellScript = "\"${PODS_ROOT}/Target Support Files/Pods-easyNotesiOS/Pods-easyNotesiOS-resources.sh\"\n";
			showEnvVarsInLog = 0;
		};
		A21BB82FE771E5DDE83E71B5 /* [CP] Embed Pods Frameworks */ = {
			isa = PBXShellScriptBuildPhase;
			buildActionMask = 2147483647;
			files = (
			);
			inputPaths = (
				"${PODS_ROOT}/Target Support Files/Pods-easyNotesiOS/Pods-easyNotesiOS-frameworks.sh",
				"${BUILT_PRODUCTS_DIR}/Alamofire/Alamofire.framework",
				"${BUILT_PRODUCTS_DIR}/Bolts/Bolts.framework",
				"${BUILT_PRODUCTS_DIR}/BoringSSL-GRPC/openssl_grpc.framework",
				"${BUILT_PRODUCTS_DIR}/FBSDKCoreKit/FBSDKCoreKit.framework",
				"${BUILT_PRODUCTS_DIR}/FBSDKLoginKit/FBSDKLoginKit.framework",
				"${BUILT_PRODUCTS_DIR}/FBSDKShareKit/FBSDKShareKit.framework",
				"${BUILT_PRODUCTS_DIR}/FacebookCore/FacebookCore.framework",
				"${BUILT_PRODUCTS_DIR}/FacebookLogin/FacebookLogin.framework",
				"${BUILT_PRODUCTS_DIR}/FacebookShare/FacebookShare.framework",
				"${BUILT_PRODUCTS_DIR}/GTMSessionFetcher/GTMSessionFetcher.framework",
				"${BUILT_PRODUCTS_DIR}/GoogleToolboxForMac/GoogleToolboxForMac.framework",
				"${BUILT_PRODUCTS_DIR}/GoogleUtilities/GoogleUtilities.framework",
				"${BUILT_PRODUCTS_DIR}/Protobuf/Protobuf.framework",
				"${BUILT_PRODUCTS_DIR}/SDWebImage/SDWebImage.framework",
				"${PODS_ROOT}/TwitterCore/iOS/TwitterCore.framework",
				"${PODS_ROOT}/TwitterKit/iOS/TwitterKit.framework",
				"${BUILT_PRODUCTS_DIR}/gRPC-C++/grpcpp.framework",
				"${BUILT_PRODUCTS_DIR}/gRPC-Core/grpc.framework",
				"${BUILT_PRODUCTS_DIR}/leveldb-library/leveldb.framework",
				"${BUILT_PRODUCTS_DIR}/nanopb/nanopb.framework",
			);
			name = "[CP] Embed Pods Frameworks";
			outputPaths = (
				"${TARGET_BUILD_DIR}/${FRAMEWORKS_FOLDER_PATH}/Alamofire.framework",
				"${TARGET_BUILD_DIR}/${FRAMEWORKS_FOLDER_PATH}/Bolts.framework",
				"${TARGET_BUILD_DIR}/${FRAMEWORKS_FOLDER_PATH}/openssl_grpc.framework",
				"${TARGET_BUILD_DIR}/${FRAMEWORKS_FOLDER_PATH}/FBSDKCoreKit.framework",
				"${TARGET_BUILD_DIR}/${FRAMEWORKS_FOLDER_PATH}/FBSDKLoginKit.framework",
				"${TARGET_BUILD_DIR}/${FRAMEWORKS_FOLDER_PATH}/FBSDKShareKit.framework",
				"${TARGET_BUILD_DIR}/${FRAMEWORKS_FOLDER_PATH}/FacebookCore.framework",
				"${TARGET_BUILD_DIR}/${FRAMEWORKS_FOLDER_PATH}/FacebookLogin.framework",
				"${TARGET_BUILD_DIR}/${FRAMEWORKS_FOLDER_PATH}/FacebookShare.framework",
				"${TARGET_BUILD_DIR}/${FRAMEWORKS_FOLDER_PATH}/GTMSessionFetcher.framework",
				"${TARGET_BUILD_DIR}/${FRAMEWORKS_FOLDER_PATH}/GoogleToolboxForMac.framework",
				"${TARGET_BUILD_DIR}/${FRAMEWORKS_FOLDER_PATH}/GoogleUtilities.framework",
				"${TARGET_BUILD_DIR}/${FRAMEWORKS_FOLDER_PATH}/Protobuf.framework",
				"${TARGET_BUILD_DIR}/${FRAMEWORKS_FOLDER_PATH}/SDWebImage.framework",
				"${TARGET_BUILD_DIR}/${FRAMEWORKS_FOLDER_PATH}/TwitterCore.framework",
				"${TARGET_BUILD_DIR}/${FRAMEWORKS_FOLDER_PATH}/TwitterKit.framework",
				"${TARGET_BUILD_DIR}/${FRAMEWORKS_FOLDER_PATH}/grpcpp.framework",
				"${TARGET_BUILD_DIR}/${FRAMEWORKS_FOLDER_PATH}/grpc.framework",
				"${TARGET_BUILD_DIR}/${FRAMEWORKS_FOLDER_PATH}/leveldb.framework",
				"${TARGET_BUILD_DIR}/${FRAMEWORKS_FOLDER_PATH}/nanopb.framework",
			);
			runOnlyForDeploymentPostprocessing = 0;
			shellPath = /bin/sh;
			shellScript = "\"${PODS_ROOT}/Target Support Files/Pods-easyNotesiOS/Pods-easyNotesiOS-frameworks.sh\"\n";
			showEnvVarsInLog = 0;
		};
		B5CA037939A24B5D5E1BD03D /* [CP] Check Pods Manifest.lock */ = {
			isa = PBXShellScriptBuildPhase;
			buildActionMask = 2147483647;
			files = (
			);
			inputPaths = (
				"${PODS_PODFILE_DIR_PATH}/Podfile.lock",
				"${PODS_ROOT}/Manifest.lock",
			);
			name = "[CP] Check Pods Manifest.lock";
			outputPaths = (
				"$(DERIVED_FILE_DIR)/Pods-easyNotesiOSUITests-checkManifestLockResult.txt",
			);
			runOnlyForDeploymentPostprocessing = 0;
			shellPath = /bin/sh;
			shellScript = "diff \"${PODS_PODFILE_DIR_PATH}/Podfile.lock\" \"${PODS_ROOT}/Manifest.lock\" > /dev/null\nif [ $? != 0 ] ; then\n    # print error to STDERR\n    echo \"error: The sandbox is not in sync with the Podfile.lock. Run 'pod install' or update your CocoaPods installation.\" >&2\n    exit 1\nfi\n# This output is used by Xcode 'outputs' to avoid re-running this script phase.\necho \"SUCCESS\" > \"${SCRIPT_OUTPUT_FILE_0}\"\n";
			showEnvVarsInLog = 0;
		};
		C4A1D37B92E6E8C522DC27D8 /* [CP] Check Pods Manifest.lock */ = {
			isa = PBXShellScriptBuildPhase;
			buildActionMask = 2147483647;
			files = (
			);
			inputPaths = (
				"${PODS_PODFILE_DIR_PATH}/Podfile.lock",
				"${PODS_ROOT}/Manifest.lock",
			);
			name = "[CP] Check Pods Manifest.lock";
			outputPaths = (
				"$(DERIVED_FILE_DIR)/Pods-easyNotesiOSTests-checkManifestLockResult.txt",
			);
			runOnlyForDeploymentPostprocessing = 0;
			shellPath = /bin/sh;
			shellScript = "diff \"${PODS_PODFILE_DIR_PATH}/Podfile.lock\" \"${PODS_ROOT}/Manifest.lock\" > /dev/null\nif [ $? != 0 ] ; then\n    # print error to STDERR\n    echo \"error: The sandbox is not in sync with the Podfile.lock. Run 'pod install' or update your CocoaPods installation.\" >&2\n    exit 1\nfi\n# This output is used by Xcode 'outputs' to avoid re-running this script phase.\necho \"SUCCESS\" > \"${SCRIPT_OUTPUT_FILE_0}\"\n";
			showEnvVarsInLog = 0;
		};
/* End PBXShellScriptBuildPhase section */

/* Begin PBXSourcesBuildPhase section */
		BD952E6B20CF6069005BD858 /* Sources */ = {
			isa = PBXSourcesBuildPhase;
			buildActionMask = 2147483647;
			files = (
				BD952EA920CF6732005BD858 /* ImportNoteViewController.swift in Sources */,
				BDE40ADF20D2BBAE00329034 /* UserViewController.swift in Sources */,
				BD6CE99E21E154DE00AE07F9 /* Toast.swift in Sources */,
				BD952EA520CF60FD005BD858 /* CustomControls.swift in Sources */,
				BD179A8520DF275C00F4EF5A /* MainPageViewController.swift in Sources */,
				BD9F4D5820DEB07B004CE8DD /* EmailSignUpViewController.swift in Sources */,
				BD9F4D5C20DED2C8004CE8DD /* SignInMenuViewController.swift in Sources */,
				BD251054214092BB009C035C /* Document.swift in Sources */,
				92C52ABD22469C6D0077FCED /* LoaderController.swift in Sources */,
				BD482D1B20D1EA30008762D8 /* MainViewController.swift in Sources */,
				BD6CE9A021E1688D00AE07F9 /* TextViewViewController.swift in Sources */,
				BD952E7320CF6069005BD858 /* AppDelegate.swift in Sources */,
				BD5BCDC7213B2286003DE2BE /* HTTPManager.swift in Sources */,
				BD9F4D5A20DEC3D4004CE8DD /* EmailSignInViewController.swift in Sources */,
				BD25105021409229009C035C /* DocumentViewController.swift in Sources */,
				BD952E7520CF6069005BD858 /* MenuViewController.swift in Sources */,
				BDE40ADD20D2B84E00329034 /* TakeNewNoteViewController.swift in Sources */,
				BD71308F21D587FE0033D33E /* DocumentBrowserViewController.swift in Sources */,
			);
			runOnlyForDeploymentPostprocessing = 0;
		};
		BD952E8120CF606B005BD858 /* Sources */ = {
			isa = PBXSourcesBuildPhase;
			buildActionMask = 2147483647;
			files = (
				BD952E8A20CF606B005BD858 /* easyNotesiOSTests.swift in Sources */,
			);
			runOnlyForDeploymentPostprocessing = 0;
		};
		BD952E8C20CF606B005BD858 /* Sources */ = {
			isa = PBXSourcesBuildPhase;
			buildActionMask = 2147483647;
			files = (
				BD952E9520CF606B005BD858 /* easyNotesiOSUITests.swift in Sources */,
			);
			runOnlyForDeploymentPostprocessing = 0;
		};
/* End PBXSourcesBuildPhase section */

/* Begin PBXTargetDependency section */
		BD952E8720CF606B005BD858 /* PBXTargetDependency */ = {
			isa = PBXTargetDependency;
			target = BD952E6E20CF6069005BD858 /* easyNotesiOS */;
			targetProxy = BD952E8620CF606B005BD858 /* PBXContainerItemProxy */;
		};
		BD952E9220CF606B005BD858 /* PBXTargetDependency */ = {
			isa = PBXTargetDependency;
			target = BD952E6E20CF6069005BD858 /* easyNotesiOS */;
			targetProxy = BD952E9120CF606B005BD858 /* PBXContainerItemProxy */;
		};
/* End PBXTargetDependency section */

/* Begin PBXVariantGroup section */
		BD952E7820CF6069005BD858 /* Main.storyboard */ = {
			isa = PBXVariantGroup;
			children = (
				BD952E7920CF6069005BD858 /* Base */,
			);
			name = Main.storyboard;
			sourceTree = "<group>";
		};
		BD952E7D20CF606B005BD858 /* LaunchScreen.storyboard */ = {
			isa = PBXVariantGroup;
			children = (
				BD952E7E20CF606B005BD858 /* Base */,
			);
			name = LaunchScreen.storyboard;
			sourceTree = "<group>";
		};
/* End PBXVariantGroup section */

/* Begin XCBuildConfiguration section */
		BD952E9720CF606B005BD858 /* Debug */ = {
			isa = XCBuildConfiguration;
			buildSettings = {
				ALWAYS_SEARCH_USER_PATHS = NO;
				CLANG_ANALYZER_NONNULL = YES;
				CLANG_ANALYZER_NUMBER_OBJECT_CONVERSION = YES_AGGRESSIVE;
				CLANG_CXX_LANGUAGE_STANDARD = "gnu++14";
				CLANG_CXX_LIBRARY = "libc++";
				CLANG_ENABLE_MODULES = YES;
				CLANG_ENABLE_OBJC_ARC = YES;
				CLANG_ENABLE_OBJC_WEAK = YES;
				CLANG_WARN_BLOCK_CAPTURE_AUTORELEASING = YES;
				CLANG_WARN_BOOL_CONVERSION = YES;
				CLANG_WARN_COMMA = YES;
				CLANG_WARN_CONSTANT_CONVERSION = YES;
				CLANG_WARN_DEPRECATED_OBJC_IMPLEMENTATIONS = YES;
				CLANG_WARN_DIRECT_OBJC_ISA_USAGE = YES_ERROR;
				CLANG_WARN_DOCUMENTATION_COMMENTS = YES;
				CLANG_WARN_EMPTY_BODY = YES;
				CLANG_WARN_ENUM_CONVERSION = YES;
				CLANG_WARN_INFINITE_RECURSION = YES;
				CLANG_WARN_INT_CONVERSION = YES;
				CLANG_WARN_NON_LITERAL_NULL_CONVERSION = YES;
				CLANG_WARN_OBJC_IMPLICIT_RETAIN_SELF = YES;
				CLANG_WARN_OBJC_LITERAL_CONVERSION = YES;
				CLANG_WARN_OBJC_ROOT_CLASS = YES_ERROR;
				CLANG_WARN_RANGE_LOOP_ANALYSIS = YES;
				CLANG_WARN_STRICT_PROTOTYPES = YES;
				CLANG_WARN_SUSPICIOUS_MOVE = YES;
				CLANG_WARN_UNGUARDED_AVAILABILITY = YES_AGGRESSIVE;
				CLANG_WARN_UNREACHABLE_CODE = YES;
				CLANG_WARN__DUPLICATE_METHOD_MATCH = YES;
				CODE_SIGN_IDENTITY = "iPhone Developer";
				COPY_PHASE_STRIP = NO;
				DEBUG_INFORMATION_FORMAT = dwarf;
				ENABLE_STRICT_OBJC_MSGSEND = YES;
				ENABLE_TESTABILITY = YES;
				GCC_C_LANGUAGE_STANDARD = gnu11;
				GCC_DYNAMIC_NO_PIC = NO;
				GCC_NO_COMMON_BLOCKS = YES;
				GCC_OPTIMIZATION_LEVEL = 0;
				GCC_PREPROCESSOR_DEFINITIONS = (
					"DEBUG=1",
					"$(inherited)",
				);
				GCC_WARN_64_TO_32_BIT_CONVERSION = YES;
				GCC_WARN_ABOUT_RETURN_TYPE = YES_ERROR;
				GCC_WARN_UNDECLARED_SELECTOR = YES;
				GCC_WARN_UNINITIALIZED_AUTOS = YES_AGGRESSIVE;
				GCC_WARN_UNUSED_FUNCTION = YES;
				GCC_WARN_UNUSED_VARIABLE = YES;
				IPHONEOS_DEPLOYMENT_TARGET = 11.3;
				MTL_ENABLE_DEBUG_INFO = YES;
				ONLY_ACTIVE_ARCH = YES;
				SDKROOT = iphoneos;
				SWIFT_ACTIVE_COMPILATION_CONDITIONS = DEBUG;
				SWIFT_OPTIMIZATION_LEVEL = "-Onone";
			};
			name = Debug;
		};
		BD952E9820CF606B005BD858 /* Release */ = {
			isa = XCBuildConfiguration;
			buildSettings = {
				ALWAYS_SEARCH_USER_PATHS = NO;
				CLANG_ANALYZER_NONNULL = YES;
				CLANG_ANALYZER_NUMBER_OBJECT_CONVERSION = YES_AGGRESSIVE;
				CLANG_CXX_LANGUAGE_STANDARD = "gnu++14";
				CLANG_CXX_LIBRARY = "libc++";
				CLANG_ENABLE_MODULES = YES;
				CLANG_ENABLE_OBJC_ARC = YES;
				CLANG_ENABLE_OBJC_WEAK = YES;
				CLANG_WARN_BLOCK_CAPTURE_AUTORELEASING = YES;
				CLANG_WARN_BOOL_CONVERSION = YES;
				CLANG_WARN_COMMA = YES;
				CLANG_WARN_CONSTANT_CONVERSION = YES;
				CLANG_WARN_DEPRECATED_OBJC_IMPLEMENTATIONS = YES;
				CLANG_WARN_DIRECT_OBJC_ISA_USAGE = YES_ERROR;
				CLANG_WARN_DOCUMENTATION_COMMENTS = YES;
				CLANG_WARN_EMPTY_BODY = YES;
				CLANG_WARN_ENUM_CONVERSION = YES;
				CLANG_WARN_INFINITE_RECURSION = YES;
				CLANG_WARN_INT_CONVERSION = YES;
				CLANG_WARN_NON_LITERAL_NULL_CONVERSION = YES;
				CLANG_WARN_OBJC_IMPLICIT_RETAIN_SELF = YES;
				CLANG_WARN_OBJC_LITERAL_CONVERSION = YES;
				CLANG_WARN_OBJC_ROOT_CLASS = YES_ERROR;
				CLANG_WARN_RANGE_LOOP_ANALYSIS = YES;
				CLANG_WARN_STRICT_PROTOTYPES = YES;
				CLANG_WARN_SUSPICIOUS_MOVE = YES;
				CLANG_WARN_UNGUARDED_AVAILABILITY = YES_AGGRESSIVE;
				CLANG_WARN_UNREACHABLE_CODE = YES;
				CLANG_WARN__DUPLICATE_METHOD_MATCH = YES;
				CODE_SIGN_IDENTITY = "iPhone Developer";
				COPY_PHASE_STRIP = NO;
				DEBUG_INFORMATION_FORMAT = "dwarf-with-dsym";
				ENABLE_NS_ASSERTIONS = NO;
				ENABLE_STRICT_OBJC_MSGSEND = YES;
				GCC_C_LANGUAGE_STANDARD = gnu11;
				GCC_NO_COMMON_BLOCKS = YES;
				GCC_WARN_64_TO_32_BIT_CONVERSION = YES;
				GCC_WARN_ABOUT_RETURN_TYPE = YES_ERROR;
				GCC_WARN_UNDECLARED_SELECTOR = YES;
				GCC_WARN_UNINITIALIZED_AUTOS = YES_AGGRESSIVE;
				GCC_WARN_UNUSED_FUNCTION = YES;
				GCC_WARN_UNUSED_VARIABLE = YES;
				IPHONEOS_DEPLOYMENT_TARGET = 11.3;
				MTL_ENABLE_DEBUG_INFO = NO;
				SDKROOT = iphoneos;
				SWIFT_COMPILATION_MODE = wholemodule;
				SWIFT_OPTIMIZATION_LEVEL = "-O";
				VALIDATE_PRODUCT = YES;
			};
			name = Release;
		};
		BD952E9A20CF606B005BD858 /* Debug */ = {
			isa = XCBuildConfiguration;
			baseConfigurationReference = E7C4A2A7FB186CC2952689CF /* Pods-easyNotesiOS.debug.xcconfig */;
			buildSettings = {
				ASSETCATALOG_COMPILER_APPICON_NAME = AppIcon;
				CODE_SIGN_IDENTITY = "iPhone Developer";
				CODE_SIGN_STYLE = Automatic;
				DEVELOPMENT_TEAM = P99428PPVG;
				INFOPLIST_FILE = easyNotesiOS/Info.plist;
				IPHONEOS_DEPLOYMENT_TARGET = 11.3;
				LD_RUNPATH_SEARCH_PATHS = (
					"$(inherited)",
					"@executable_path/Frameworks",
				);
				PRODUCT_BUNDLE_IDENTIFIER = self.chris.easyNotes;
				PRODUCT_NAME = "$(TARGET_NAME)";
				PROVISIONING_PROFILE_SPECIFIER = "";
				SWIFT_VERSION = 4.0;
				TARGETED_DEVICE_FAMILY = "1,2";
			};
			name = Debug;
		};
		BD952E9B20CF606B005BD858 /* Release */ = {
			isa = XCBuildConfiguration;
			baseConfigurationReference = 9A0C528C563E03907395B699 /* Pods-easyNotesiOS.release.xcconfig */;
			buildSettings = {
				ASSETCATALOG_COMPILER_APPICON_NAME = AppIcon;
				CODE_SIGN_IDENTITY = "iPhone Developer";
				CODE_SIGN_STYLE = Automatic;
				DEVELOPMENT_TEAM = P99428PPVG;
				INFOPLIST_FILE = easyNotesiOS/Info.plist;
				IPHONEOS_DEPLOYMENT_TARGET = 11.3;
				LD_RUNPATH_SEARCH_PATHS = (
					"$(inherited)",
					"@executable_path/Frameworks",
				);
				PRODUCT_BUNDLE_IDENTIFIER = self.chris.easyNotes;
				PRODUCT_NAME = "$(TARGET_NAME)";
				PROVISIONING_PROFILE_SPECIFIER = "";
				SWIFT_VERSION = 4.0;
				TARGETED_DEVICE_FAMILY = "1,2";
			};
			name = Release;
		};
		BD952E9D20CF606B005BD858 /* Debug */ = {
			isa = XCBuildConfiguration;
			baseConfigurationReference = 5320E4E55E3976868FAAF507 /* Pods-easyNotesiOSTests.debug.xcconfig */;
			buildSettings = {
				ALWAYS_EMBED_SWIFT_STANDARD_LIBRARIES = YES;
				BUNDLE_LOADER = "$(TEST_HOST)";
				CODE_SIGN_STYLE = Automatic;
				DEVELOPMENT_TEAM = P99428PPVG;
				INFOPLIST_FILE = easyNotesiOSTests/Info.plist;
				LD_RUNPATH_SEARCH_PATHS = (
					"$(inherited)",
					"@executable_path/Frameworks",
					"@loader_path/Frameworks",
				);
				PRODUCT_BUNDLE_IDENTIFIER = self.edu.chris.easyNotesiOSTests;
				PRODUCT_NAME = "$(TARGET_NAME)";
				SWIFT_VERSION = 4.0;
				TARGETED_DEVICE_FAMILY = "1,2";
				TEST_HOST = "$(BUILT_PRODUCTS_DIR)/easyNotesiOS.app/easyNotesiOS";
			};
			name = Debug;
		};
		BD952E9E20CF606B005BD858 /* Release */ = {
			isa = XCBuildConfiguration;
			baseConfigurationReference = 5E54E74E646CA2222FAAA2DC /* Pods-easyNotesiOSTests.release.xcconfig */;
			buildSettings = {
				ALWAYS_EMBED_SWIFT_STANDARD_LIBRARIES = YES;
				BUNDLE_LOADER = "$(TEST_HOST)";
				CODE_SIGN_STYLE = Automatic;
				DEVELOPMENT_TEAM = P99428PPVG;
				INFOPLIST_FILE = easyNotesiOSTests/Info.plist;
				LD_RUNPATH_SEARCH_PATHS = (
					"$(inherited)",
					"@executable_path/Frameworks",
					"@loader_path/Frameworks",
				);
				PRODUCT_BUNDLE_IDENTIFIER = self.edu.chris.easyNotesiOSTests;
				PRODUCT_NAME = "$(TARGET_NAME)";
				SWIFT_VERSION = 4.0;
				TARGETED_DEVICE_FAMILY = "1,2";
				TEST_HOST = "$(BUILT_PRODUCTS_DIR)/easyNotesiOS.app/easyNotesiOS";
			};
			name = Release;
		};
		BD952EA020CF606B005BD858 /* Debug */ = {
			isa = XCBuildConfiguration;
			baseConfigurationReference = 016290B1CD47B4C6D5CFEAF3 /* Pods-easyNotesiOSUITests.debug.xcconfig */;
			buildSettings = {
				ALWAYS_EMBED_SWIFT_STANDARD_LIBRARIES = YES;
				CODE_SIGN_STYLE = Automatic;
				DEVELOPMENT_TEAM = P99428PPVG;
				INFOPLIST_FILE = easyNotesiOSUITests/Info.plist;
				LD_RUNPATH_SEARCH_PATHS = (
					"$(inherited)",
					"@executable_path/Frameworks",
					"@loader_path/Frameworks",
				);
				PRODUCT_BUNDLE_IDENTIFIER = self.edu.chris.easyNotesiOSUITests;
				PRODUCT_NAME = "$(TARGET_NAME)";
				SWIFT_VERSION = 4.0;
				TARGETED_DEVICE_FAMILY = "1,2";
				TEST_TARGET_NAME = easyNotesiOS;
			};
			name = Debug;
		};
		BD952EA120CF606B005BD858 /* Release */ = {
			isa = XCBuildConfiguration;
			baseConfigurationReference = 308A638A4722EF2EBFD3976A /* Pods-easyNotesiOSUITests.release.xcconfig */;
			buildSettings = {
				ALWAYS_EMBED_SWIFT_STANDARD_LIBRARIES = YES;
				CODE_SIGN_STYLE = Automatic;
				DEVELOPMENT_TEAM = P99428PPVG;
				INFOPLIST_FILE = easyNotesiOSUITests/Info.plist;
				LD_RUNPATH_SEARCH_PATHS = (
					"$(inherited)",
					"@executable_path/Frameworks",
					"@loader_path/Frameworks",
				);
				PRODUCT_BUNDLE_IDENTIFIER = self.edu.chris.easyNotesiOSUITests;
				PRODUCT_NAME = "$(TARGET_NAME)";
				SWIFT_VERSION = 4.0;
				TARGETED_DEVICE_FAMILY = "1,2";
				TEST_TARGET_NAME = easyNotesiOS;
			};
			name = Release;
		};
/* End XCBuildConfiguration section */

/* Begin XCConfigurationList section */
		BD952E6A20CF6069005BD858 /* Build configuration list for PBXProject "easyNotesiOS" */ = {
			isa = XCConfigurationList;
			buildConfigurations = (
				BD952E9720CF606B005BD858 /* Debug */,
				BD952E9820CF606B005BD858 /* Release */,
			);
			defaultConfigurationIsVisible = 0;
			defaultConfigurationName = Release;
		};
		BD952E9920CF606B005BD858 /* Build configuration list for PBXNativeTarget "easyNotesiOS" */ = {
			isa = XCConfigurationList;
			buildConfigurations = (
				BD952E9A20CF606B005BD858 /* Debug */,
				BD952E9B20CF606B005BD858 /* Release */,
			);
			defaultConfigurationIsVisible = 0;
			defaultConfigurationName = Release;
		};
		BD952E9C20CF606B005BD858 /* Build configuration list for PBXNativeTarget "easyNotesiOSTests" */ = {
			isa = XCConfigurationList;
			buildConfigurations = (
				BD952E9D20CF606B005BD858 /* Debug */,
				BD952E9E20CF606B005BD858 /* Release */,
			);
			defaultConfigurationIsVisible = 0;
			defaultConfigurationName = Release;
		};
		BD952E9F20CF606B005BD858 /* Build configuration list for PBXNativeTarget "easyNotesiOSUITests" */ = {
			isa = XCConfigurationList;
			buildConfigurations = (
				BD952EA020CF606B005BD858 /* Debug */,
				BD952EA120CF606B005BD858 /* Release */,
			);
			defaultConfigurationIsVisible = 0;
			defaultConfigurationName = Release;
		};
/* End XCConfigurationList section */
	};
	rootObject = BD952E6720CF6069005BD858 /* Project object */;
}
